// !$*UTF8*$!
{
	archiveVersion = 1;
	classes = {
	};
	objectVersion = 51;
	objects = {

/* Begin PBXBuildFile section */
		0B0A3A5023743F87004EB061 /* StyleGuide.swift in Sources */ = {isa = PBXBuildFile; fileRef = 0B0A3A4F23743F87004EB061 /* StyleGuide.swift */; };
		0B0B4A86237A329700DAE5C7 /* AppInfo.storyboard in Resources */ = {isa = PBXBuildFile; fileRef = 0B0B4A85237A329700DAE5C7 /* AppInfo.storyboard */; };
		0B0B4A88237A337800DAE5C7 /* AppInfoViewController.swift in Sources */ = {isa = PBXBuildFile; fileRef = 0B0B4A87237A337800DAE5C7 /* AppInfoViewController.swift */; };
		0B0B4A8A2382C68B00DAE5C7 /* Auxiliary.swift in Sources */ = {isa = PBXBuildFile; fileRef = 0B0B4A892382C68B00DAE5C7 /* Auxiliary.swift */; };
		0B4222042384083C00A89E5E /* ImageTableViewCell.swift in Sources */ = {isa = PBXBuildFile; fileRef = 0B4222032384083C00A89E5E /* ImageTableViewCell.swift */; };
		0B4222062386A53400A89E5E /* LabelTableViewCell.swift in Sources */ = {isa = PBXBuildFile; fileRef = 0B4222052386A53400A89E5E /* LabelTableViewCell.swift */; };
		0B4222082386A85800A89E5E /* SeekOrOfferViewController.swift in Sources */ = {isa = PBXBuildFile; fileRef = 0B4222072386A85800A89E5E /* SeekOrOfferViewController.swift */; };
		0BA299B92382DD8B003BA510 /* InstitutionTableViewController.swift in Sources */ = {isa = PBXBuildFile; fileRef = 0BA299B82382DD8B003BA510 /* InstitutionTableViewController.swift */; };
		0BA29A20238394E7003BA510 /* Register.storyboard in Resources */ = {isa = PBXBuildFile; fileRef = 0BA29A1F238394E7003BA510 /* Register.storyboard */; };
		0BA29A2223839603003BA510 /* RegisterViewController.swift in Sources */ = {isa = PBXBuildFile; fileRef = 0BA29A2123839603003BA510 /* RegisterViewController.swift */; };
		0BA29A242383A02A003BA510 /* TextFieldTableViewCell.swift in Sources */ = {isa = PBXBuildFile; fileRef = 0BA29A232383A02A003BA510 /* TextFieldTableViewCell.swift */; };
		0BA29A262383A036003BA510 /* TitleTableViewCell.swift in Sources */ = {isa = PBXBuildFile; fileRef = 0BA29A252383A036003BA510 /* TitleTableViewCell.swift */; };
		0BA29A282383A03F003BA510 /* ButtonTableViewCell.swift in Sources */ = {isa = PBXBuildFile; fileRef = 0BA29A272383A03F003BA510 /* ButtonTableViewCell.swift */; };
		0D09783D7B6127CCE34DB794 /* Pods_CaronaSocial.framework in Frameworks */ = {isa = PBXBuildFile; fileRef = 97B746071873C36CD0D1B2FF /* Pods_CaronaSocial.framework */; };
		2F05EF122386D5D100BE1B10 /* TestViewController.swift in Sources */ = {isa = PBXBuildFile; fileRef = 2F05EF112386D5D100BE1B10 /* TestViewController.swift */; };
		2F399F5523799FB90043B210 /* FirebaseManager.swift in Sources */ = {isa = PBXBuildFile; fileRef = 2F399F5423799FB90043B210 /* FirebaseManager.swift */; };
		2F59E81C23745BB700D45612 /* GoogleService-Info.plist in Resources */ = {isa = PBXBuildFile; fileRef = 2F59E81B23745BB600D45612 /* GoogleService-Info.plist */; };
		2F8126CD236AF608009294E2 /* AppDelegate.swift in Sources */ = {isa = PBXBuildFile; fileRef = 2F8126CC236AF608009294E2 /* AppDelegate.swift */; };
		2F8126CF236AF608009294E2 /* SceneDelegate.swift in Sources */ = {isa = PBXBuildFile; fileRef = 2F8126CE236AF608009294E2 /* SceneDelegate.swift */; };
		2F8126D1236AF608009294E2 /* ViewController.swift in Sources */ = {isa = PBXBuildFile; fileRef = 2F8126D0236AF608009294E2 /* ViewController.swift */; };
		2F8126D4236AF608009294E2 /* Main.storyboard in Resources */ = {isa = PBXBuildFile; fileRef = 2F8126D2236AF608009294E2 /* Main.storyboard */; };
		2F8126D6236AF60A009294E2 /* Assets.xcassets in Resources */ = {isa = PBXBuildFile; fileRef = 2F8126D5236AF60A009294E2 /* Assets.xcassets */; };
		2F8126D9236AF60A009294E2 /* LaunchScreen.storyboard in Resources */ = {isa = PBXBuildFile; fileRef = 2F8126D7236AF60A009294E2 /* LaunchScreen.storyboard */; };
		2FA8ED8F237D86FA00D43349 /* FirestoreManager.swift in Sources */ = {isa = PBXBuildFile; fileRef = 2FA8ED8E237D86FA00D43349 /* FirestoreManager.swift */; };
		2FA8ED91237D899F00D43349 /* DriverModel.swift in Sources */ = {isa = PBXBuildFile; fileRef = 2FA8ED90237D899F00D43349 /* DriverModel.swift */; };
		2FA8ED93237D8B3400D43349 /* PassengerModel.swift in Sources */ = {isa = PBXBuildFile; fileRef = 2FA8ED92237D8B3400D43349 /* PassengerModel.swift */; };
		2FA8ED95237D8E5200D43349 /* HomeTableViewController.swift in Sources */ = {isa = PBXBuildFile; fileRef = 2FA8ED94237D8E5200D43349 /* HomeTableViewController.swift */; };
		2FA8ED97237D900F00D43349 /* Home2.storyboard in Resources */ = {isa = PBXBuildFile; fileRef = 2FA8ED96237D900F00D43349 /* Home2.storyboard */; };
		2FF57D08237063240021732B /* LoginViewController.swift in Sources */ = {isa = PBXBuildFile; fileRef = 2FF57D07237063240021732B /* LoginViewController.swift */; };
		9C1A9C542379B1FB00734AA7 /* UserModel.swift in Sources */ = {isa = PBXBuildFile; fileRef = 9C1A9C532379B1FB00734AA7 /* UserModel.swift */; };
/* End PBXBuildFile section */

/* Begin PBXFileReference section */
		0B0A3A4F23743F87004EB061 /* StyleGuide.swift */ = {isa = PBXFileReference; lastKnownFileType = sourcecode.swift; path = StyleGuide.swift; sourceTree = "<group>"; };
		0B0B4A85237A329700DAE5C7 /* AppInfo.storyboard */ = {isa = PBXFileReference; lastKnownFileType = file.storyboard; path = AppInfo.storyboard; sourceTree = "<group>"; };
		0B0B4A87237A337800DAE5C7 /* AppInfoViewController.swift */ = {isa = PBXFileReference; lastKnownFileType = sourcecode.swift; path = AppInfoViewController.swift; sourceTree = "<group>"; };
		0B0B4A892382C68B00DAE5C7 /* Auxiliary.swift */ = {isa = PBXFileReference; lastKnownFileType = sourcecode.swift; path = Auxiliary.swift; sourceTree = "<group>"; };
		0B4222032384083C00A89E5E /* ImageTableViewCell.swift */ = {isa = PBXFileReference; lastKnownFileType = sourcecode.swift; path = ImageTableViewCell.swift; sourceTree = "<group>"; };
		0B4222052386A53400A89E5E /* LabelTableViewCell.swift */ = {isa = PBXFileReference; lastKnownFileType = sourcecode.swift; path = LabelTableViewCell.swift; sourceTree = "<group>"; };
		0B4222072386A85800A89E5E /* SeekOrOfferViewController.swift */ = {isa = PBXFileReference; lastKnownFileType = sourcecode.swift; path = SeekOrOfferViewController.swift; sourceTree = "<group>"; };
		0BA299B82382DD8B003BA510 /* InstitutionTableViewController.swift */ = {isa = PBXFileReference; lastKnownFileType = sourcecode.swift; path = InstitutionTableViewController.swift; sourceTree = "<group>"; };
		0BA29A1F238394E7003BA510 /* Register.storyboard */ = {isa = PBXFileReference; lastKnownFileType = file.storyboard; path = Register.storyboard; sourceTree = "<group>"; };
		0BA29A2123839603003BA510 /* RegisterViewController.swift */ = {isa = PBXFileReference; lastKnownFileType = sourcecode.swift; path = RegisterViewController.swift; sourceTree = "<group>"; };
		0BA29A232383A02A003BA510 /* TextFieldTableViewCell.swift */ = {isa = PBXFileReference; lastKnownFileType = sourcecode.swift; path = TextFieldTableViewCell.swift; sourceTree = "<group>"; };
		0BA29A252383A036003BA510 /* TitleTableViewCell.swift */ = {isa = PBXFileReference; lastKnownFileType = sourcecode.swift; path = TitleTableViewCell.swift; sourceTree = "<group>"; };
		0BA29A272383A03F003BA510 /* ButtonTableViewCell.swift */ = {isa = PBXFileReference; lastKnownFileType = sourcecode.swift; path = ButtonTableViewCell.swift; sourceTree = "<group>"; };
		2F05EF112386D5D100BE1B10 /* TestViewController.swift */ = {isa = PBXFileReference; lastKnownFileType = sourcecode.swift; path = TestViewController.swift; sourceTree = "<group>"; };
		2F399F5423799FB90043B210 /* FirebaseManager.swift */ = {isa = PBXFileReference; lastKnownFileType = sourcecode.swift; path = FirebaseManager.swift; sourceTree = "<group>"; };
		2F59E81B23745BB600D45612 /* GoogleService-Info.plist */ = {isa = PBXFileReference; fileEncoding = 4; lastKnownFileType = text.plist.xml; path = "GoogleService-Info.plist"; sourceTree = "<group>"; };
		2F8126C9236AF608009294E2 /* Carona Social.app */ = {isa = PBXFileReference; explicitFileType = wrapper.application; includeInIndex = 0; path = "Carona Social.app"; sourceTree = BUILT_PRODUCTS_DIR; };
		2F8126CC236AF608009294E2 /* AppDelegate.swift */ = {isa = PBXFileReference; lastKnownFileType = sourcecode.swift; path = AppDelegate.swift; sourceTree = "<group>"; };
		2F8126CE236AF608009294E2 /* SceneDelegate.swift */ = {isa = PBXFileReference; lastKnownFileType = sourcecode.swift; path = SceneDelegate.swift; sourceTree = "<group>"; };
		2F8126D0236AF608009294E2 /* ViewController.swift */ = {isa = PBXFileReference; lastKnownFileType = sourcecode.swift; path = ViewController.swift; sourceTree = "<group>"; };
		2F8126D3236AF608009294E2 /* Base */ = {isa = PBXFileReference; lastKnownFileType = file.storyboard; name = Base; path = Base.lproj/Main.storyboard; sourceTree = "<group>"; };
		2F8126D5236AF60A009294E2 /* Assets.xcassets */ = {isa = PBXFileReference; lastKnownFileType = folder.assetcatalog; path = Assets.xcassets; sourceTree = "<group>"; };
		2F8126D8236AF60A009294E2 /* Base */ = {isa = PBXFileReference; lastKnownFileType = file.storyboard; name = Base; path = Base.lproj/LaunchScreen.storyboard; sourceTree = "<group>"; };
		2F8126DA236AF60A009294E2 /* Info.plist */ = {isa = PBXFileReference; lastKnownFileType = text.plist.xml; path = Info.plist; sourceTree = "<group>"; };
		2FA541A4237C362D001B319F /* RegisterTableViewController.swift */ = {isa = PBXFileReference; lastKnownFileType = sourcecode.swift; path = RegisterTableViewController.swift; sourceTree = "<group>"; };
		2FA8ED8E237D86FA00D43349 /* FirestoreManager.swift */ = {isa = PBXFileReference; lastKnownFileType = sourcecode.swift; path = FirestoreManager.swift; sourceTree = "<group>"; };
		2FA8ED90237D899F00D43349 /* DriverModel.swift */ = {isa = PBXFileReference; lastKnownFileType = sourcecode.swift; path = DriverModel.swift; sourceTree = "<group>"; };
		2FA8ED92237D8B3400D43349 /* PassengerModel.swift */ = {isa = PBXFileReference; lastKnownFileType = sourcecode.swift; path = PassengerModel.swift; sourceTree = "<group>"; };
		2FA8ED94237D8E5200D43349 /* HomeTableViewController.swift */ = {isa = PBXFileReference; lastKnownFileType = sourcecode.swift; path = HomeTableViewController.swift; sourceTree = "<group>"; };
		2FA8ED96237D900F00D43349 /* Home2.storyboard */ = {isa = PBXFileReference; lastKnownFileType = file.storyboard; path = Home2.storyboard; sourceTree = "<group>"; };
		2FF57D07237063240021732B /* LoginViewController.swift */ = {isa = PBXFileReference; lastKnownFileType = sourcecode.swift; path = LoginViewController.swift; sourceTree = "<group>"; };
		6C2AF1EA7ECA0F6FFE3BB2EB /* Pods-CaronaSocial.release.xcconfig */ = {isa = PBXFileReference; includeInIndex = 1; lastKnownFileType = text.xcconfig; name = "Pods-CaronaSocial.release.xcconfig"; path = "Target Support Files/Pods-CaronaSocial/Pods-CaronaSocial.release.xcconfig"; sourceTree = "<group>"; };
		97B746071873C36CD0D1B2FF /* Pods_CaronaSocial.framework */ = {isa = PBXFileReference; explicitFileType = wrapper.framework; includeInIndex = 0; path = Pods_CaronaSocial.framework; sourceTree = BUILT_PRODUCTS_DIR; };
		9C1A9C532379B1FB00734AA7 /* UserModel.swift */ = {isa = PBXFileReference; lastKnownFileType = sourcecode.swift; path = UserModel.swift; sourceTree = "<group>"; };
		FE3F24C18CB762C038DBD642 /* Pods-CaronaSocial.debug.xcconfig */ = {isa = PBXFileReference; includeInIndex = 1; lastKnownFileType = text.xcconfig; name = "Pods-CaronaSocial.debug.xcconfig"; path = "Target Support Files/Pods-CaronaSocial/Pods-CaronaSocial.debug.xcconfig"; sourceTree = "<group>"; };
/* End PBXFileReference section */

/* Begin PBXFrameworksBuildPhase section */
		2F8126C6236AF608009294E2 /* Frameworks */ = {
			isa = PBXFrameworksBuildPhase;
			buildActionMask = 2147483647;
			files = (
				0D09783D7B6127CCE34DB794 /* Pods_CaronaSocial.framework in Frameworks */,
			);
			runOnlyForDeploymentPostprocessing = 0;
		};
/* End PBXFrameworksBuildPhase section */

/* Begin PBXGroup section */
		0B051A212386D1A500837B6A /* Recovered References */ = {
			isa = PBXGroup;
			children = (
				2FA541A4237C362D001B319F /* RegisterTableViewController.swift */,
			);
			name = "Recovered References";
			sourceTree = "<group>";
		};
		0B4222092386B0AF00A89E5E /* Register Cells */ = {
			isa = PBXGroup;
			children = (
				0BA29A232383A02A003BA510 /* TextFieldTableViewCell.swift */,
				0BA29A252383A036003BA510 /* TitleTableViewCell.swift */,
				0BA29A272383A03F003BA510 /* ButtonTableViewCell.swift */,
				0B4222032384083C00A89E5E /* ImageTableViewCell.swift */,
				0B4222052386A53400A89E5E /* LabelTableViewCell.swift */,
			);
			path = "Register Cells";
			sourceTree = "<group>";
		};
		0BD3DA9A237457F700FEFD3D /* Controller */ = {
			isa = PBXGroup;
			children = (
				2FA8ED94237D8E5200D43349 /* HomeTableViewController.swift */,
				2F8126D0236AF608009294E2 /* ViewController.swift */,
				2FF57D07237063240021732B /* LoginViewController.swift */,
				2F05EF112386D5D100BE1B10 /* TestViewController.swift */,
				0B0B4A87237A337800DAE5C7 /* AppInfoViewController.swift */,
				0BA29A2123839603003BA510 /* RegisterViewController.swift */,
				0B4222072386A85800A89E5E /* SeekOrOfferViewController.swift */,
				0BA299B82382DD8B003BA510 /* InstitutionTableViewController.swift */,
			);
			path = Controller;
			sourceTree = "<group>";
		};
		0BD3DA9B2374580000FEFD3D /* View */ = {
			isa = PBXGroup;
			children = (
				0B0A3A4F23743F87004EB061 /* StyleGuide.swift */,
				0B0B4A892382C68B00DAE5C7 /* Auxiliary.swift */,
				0B4222092386B0AF00A89E5E /* Register Cells */,
			);
			path = View;
			sourceTree = "<group>";
		};
		0BD3DA9C2374581500FEFD3D /* Storyboards */ = {
			isa = PBXGroup;
			children = (
				2F8126D2236AF608009294E2 /* Main.storyboard */,
				2FA8ED96237D900F00D43349 /* Home2.storyboard */,
				0BA29A1F238394E7003BA510 /* Register.storyboard */,
				0B0B4A85237A329700DAE5C7 /* AppInfo.storyboard */,
			);
			path = Storyboards;
			sourceTree = "<group>";
		};
		2F399F5323799F890043B210 /* Database */ = {
			isa = PBXGroup;
			children = (
				2F399F5423799FB90043B210 /* FirebaseManager.swift */,
				2FA8ED8E237D86FA00D43349 /* FirestoreManager.swift */,
			);
			path = Database;
			sourceTree = "<group>";
		};
		2F7B599D23705A7600D7750B /* Resourses */ = {
			isa = PBXGroup;
			children = (
			);
			path = Resourses;
			sourceTree = "<group>";
		};
		2F8126C0236AF608009294E2 = {
			isa = PBXGroup;
			children = (
				2F8126CB236AF608009294E2 /* CaronaSocial */,
				2F8126CA236AF608009294E2 /* Products */,
				C21A7EC472F160049AB8786A /* Pods */,
				A3AD63500461D1E560500AAA /* Frameworks */,
				0B051A212386D1A500837B6A /* Recovered References */,
			);
			sourceTree = "<group>";
		};
		2F8126CA236AF608009294E2 /* Products */ = {
			isa = PBXGroup;
			children = (
				2F8126C9236AF608009294E2 /* Carona Social.app */,
			);
			name = Products;
			sourceTree = "<group>";
		};
		2F8126CB236AF608009294E2 /* CaronaSocial */ = {
			isa = PBXGroup;
			children = (
				2FA541A1237C33C7001B319F /* Esse */,
				0BD3DA9C2374581500FEFD3D /* Storyboards */,
				0BD3DA9B2374580000FEFD3D /* View */,
				2F399F5323799F890043B210 /* Database */,
				9C1A9C552379B20900734AA7 /* Model */,
				0BD3DA9A237457F700FEFD3D /* Controller */,
				2F8126CC236AF608009294E2 /* AppDelegate.swift */,
				2F8126CE236AF608009294E2 /* SceneDelegate.swift */,
				2F8126D5236AF60A009294E2 /* Assets.xcassets */,
				2F8126D7236AF60A009294E2 /* LaunchScreen.storyboard */,
				2F8126DA236AF60A009294E2 /* Info.plist */,
				2F59E81B23745BB600D45612 /* GoogleService-Info.plist */,
				2F7B599D23705A7600D7750B /* Resourses */,
			);
			path = CaronaSocial;
			sourceTree = "<group>";
		};
		2FA541A1237C33C7001B319F /* Esse */ = {
			isa = PBXGroup;
			children = (
			);
			path = Esse;
			sourceTree = "<group>";
		};
		9C1A9C552379B20900734AA7 /* Model */ = {
			isa = PBXGroup;
			children = (
				9C1A9C532379B1FB00734AA7 /* UserModel.swift */,
				2FA8ED90237D899F00D43349 /* DriverModel.swift */,
				2FA8ED92237D8B3400D43349 /* PassengerModel.swift */,
			);
			path = Model;
			sourceTree = "<group>";
		};
		A3AD63500461D1E560500AAA /* Frameworks */ = {
			isa = PBXGroup;
			children = (
				97B746071873C36CD0D1B2FF /* Pods_CaronaSocial.framework */,
			);
			name = Frameworks;
			sourceTree = "<group>";
		};
		C21A7EC472F160049AB8786A /* Pods */ = {
			isa = PBXGroup;
			children = (
				FE3F24C18CB762C038DBD642 /* Pods-CaronaSocial.debug.xcconfig */,
				6C2AF1EA7ECA0F6FFE3BB2EB /* Pods-CaronaSocial.release.xcconfig */,
			);
			path = Pods;
			sourceTree = "<group>";
		};
/* End PBXGroup section */

/* Begin PBXNativeTarget section */
		2F8126C8236AF608009294E2 /* CaronaSocial */ = {
			isa = PBXNativeTarget;
			buildConfigurationList = 2F8126DD236AF60A009294E2 /* Build configuration list for PBXNativeTarget "CaronaSocial" */;
			buildPhases = (
				0A42A0ED23C85987BFE6058A /* [CP] Check Pods Manifest.lock */,
				2F8126C5236AF608009294E2 /* Sources */,
				2F8126C6236AF608009294E2 /* Frameworks */,
				2F8126C7236AF608009294E2 /* Resources */,
				C59A33D73924CA9D415F05DC /* [CP] Embed Pods Frameworks */,
				B7F67D90F17BBAE87772898D /* [CP] Copy Pods Resources */,
			);
			buildRules = (
			);
			dependencies = (
			);
			name = CaronaSocial;
			productName = CaronaSocial;
			productReference = 2F8126C9236AF608009294E2 /* Carona Social.app */;
			productType = "com.apple.product-type.application";
		};
/* End PBXNativeTarget section */

/* Begin PBXProject section */
		2F8126C1236AF608009294E2 /* Project object */ = {
			isa = PBXProject;
			attributes = {
				LastSwiftUpdateCheck = 1100;
				LastUpgradeCheck = 1100;
				ORGANIZATIONNAME = "Matheus Oliveira";
				TargetAttributes = {
					2F8126C8236AF608009294E2 = {
						CreatedOnToolsVersion = 11.0;
					};
				};
			};
			buildConfigurationList = 2F8126C4236AF608009294E2 /* Build configuration list for PBXProject "CaronaSocial" */;
			compatibilityVersion = "Xcode 9.3";
			developmentRegion = en;
			hasScannedForEncodings = 0;
			knownRegions = (
				en,
				Base,
			);
			mainGroup = 2F8126C0236AF608009294E2;
			productRefGroup = 2F8126CA236AF608009294E2 /* Products */;
			projectDirPath = "";
			projectRoot = "";
			targets = (
				2F8126C8236AF608009294E2 /* CaronaSocial */,
			);
		};
/* End PBXProject section */

/* Begin PBXResourcesBuildPhase section */
		2F8126C7236AF608009294E2 /* Resources */ = {
			isa = PBXResourcesBuildPhase;
			buildActionMask = 2147483647;
			files = (
				2FA8ED97237D900F00D43349 /* Home2.storyboard in Resources */,
				0BA29A20238394E7003BA510 /* Register.storyboard in Resources */,
				2F8126D9236AF60A009294E2 /* LaunchScreen.storyboard in Resources */,
				2F8126D6236AF60A009294E2 /* Assets.xcassets in Resources */,
				2F59E81C23745BB700D45612 /* GoogleService-Info.plist in Resources */,
				2F8126D4236AF608009294E2 /* Main.storyboard in Resources */,
				0B0B4A86237A329700DAE5C7 /* AppInfo.storyboard in Resources */,
			);
			runOnlyForDeploymentPostprocessing = 0;
		};
/* End PBXResourcesBuildPhase section */

/* Begin PBXShellScriptBuildPhase section */
		0A42A0ED23C85987BFE6058A /* [CP] Check Pods Manifest.lock */ = {
			isa = PBXShellScriptBuildPhase;
			buildActionMask = 2147483647;
			files = (
			);
			inputFileListPaths = (
			);
			inputPaths = (
				"${PODS_PODFILE_DIR_PATH}/Podfile.lock",
				"${PODS_ROOT}/Manifest.lock",
			);
			name = "[CP] Check Pods Manifest.lock";
			outputFileListPaths = (
			);
			outputPaths = (
				"$(DERIVED_FILE_DIR)/Pods-CaronaSocial-checkManifestLockResult.txt",
			);
			runOnlyForDeploymentPostprocessing = 0;
			shellPath = /bin/sh;
			shellScript = "diff \"${PODS_PODFILE_DIR_PATH}/Podfile.lock\" \"${PODS_ROOT}/Manifest.lock\" > /dev/null\nif [ $? != 0 ] ; then\n    # print error to STDERR\n    echo \"error: The sandbox is not in sync with the Podfile.lock. Run 'pod install' or update your CocoaPods installation.\" >&2\n    exit 1\nfi\n# This output is used by Xcode 'outputs' to avoid re-running this script phase.\necho \"SUCCESS\" > \"${SCRIPT_OUTPUT_FILE_0}\"\n";
			showEnvVarsInLog = 0;
		};
		B7F67D90F17BBAE87772898D /* [CP] Copy Pods Resources */ = {
			isa = PBXShellScriptBuildPhase;
			buildActionMask = 2147483647;
			files = (
			);
			inputFileListPaths = (
				"${PODS_ROOT}/Target Support Files/Pods-CaronaSocial/Pods-CaronaSocial-resources-${CONFIGURATION}-input-files.xcfilelist",
			);
			name = "[CP] Copy Pods Resources";
			outputFileListPaths = (
				"${PODS_ROOT}/Target Support Files/Pods-CaronaSocial/Pods-CaronaSocial-resources-${CONFIGURATION}-output-files.xcfilelist",
			);
			runOnlyForDeploymentPostprocessing = 0;
			shellPath = /bin/sh;
			shellScript = "\"${PODS_ROOT}/Target Support Files/Pods-CaronaSocial/Pods-CaronaSocial-resources.sh\"\n";
			showEnvVarsInLog = 0;
		};
		C59A33D73924CA9D415F05DC /* [CP] Embed Pods Frameworks */ = {
			isa = PBXShellScriptBuildPhase;
			buildActionMask = 2147483647;
			files = (
			);
			inputFileListPaths = (
				"${PODS_ROOT}/Target Support Files/Pods-CaronaSocial/Pods-CaronaSocial-frameworks-${CONFIGURATION}-input-files.xcfilelist",
			);
			name = "[CP] Embed Pods Frameworks";
			outputFileListPaths = (
				"${PODS_ROOT}/Target Support Files/Pods-CaronaSocial/Pods-CaronaSocial-frameworks-${CONFIGURATION}-output-files.xcfilelist",
			);
			runOnlyForDeploymentPostprocessing = 0;
			shellPath = /bin/sh;
			shellScript = "\"${PODS_ROOT}/Target Support Files/Pods-CaronaSocial/Pods-CaronaSocial-frameworks.sh\"\n";
			showEnvVarsInLog = 0;
		};
/* End PBXShellScriptBuildPhase section */

/* Begin PBXSourcesBuildPhase section */
		2F8126C5236AF608009294E2 /* Sources */ = {
			isa = PBXSourcesBuildPhase;
			buildActionMask = 2147483647;
			files = (
				2F05EF122386D5D100BE1B10 /* TestViewController.swift in Sources */,
				0B0A3A5023743F87004EB061 /* StyleGuide.swift in Sources */,
				0BA29A2223839603003BA510 /* RegisterViewController.swift in Sources */,
				0BA29A282383A03F003BA510 /* ButtonTableViewCell.swift in Sources */,
				0BA299B92382DD8B003BA510 /* InstitutionTableViewController.swift in Sources */,
				0B4222082386A85800A89E5E /* SeekOrOfferViewController.swift in Sources */,
				2FA8ED8F237D86FA00D43349 /* FirestoreManager.swift in Sources */,
				2FA8ED91237D899F00D43349 /* DriverModel.swift in Sources */,
				2FF57D08237063240021732B /* LoginViewController.swift in Sources */,
				0BA29A262383A036003BA510 /* TitleTableViewCell.swift in Sources */,
				0B0B4A8A2382C68B00DAE5C7 /* Auxiliary.swift in Sources */,
				0B4222042384083C00A89E5E /* ImageTableViewCell.swift in Sources */,
				0BA29A242383A02A003BA510 /* TextFieldTableViewCell.swift in Sources */,
				2F399F5523799FB90043B210 /* FirebaseManager.swift in Sources */,
				2F8126D1236AF608009294E2 /* ViewController.swift in Sources */,
				0B4222062386A53400A89E5E /* LabelTableViewCell.swift in Sources */,
				0B0B4A88237A337800DAE5C7 /* AppInfoViewController.swift in Sources */,
				9C1A9C542379B1FB00734AA7 /* UserModel.swift in Sources */,
				2FA8ED95237D8E5200D43349 /* HomeTableViewController.swift in Sources */,
				2FA8ED93237D8B3400D43349 /* PassengerModel.swift in Sources */,
				2F8126CD236AF608009294E2 /* AppDelegate.swift in Sources */,
				2F8126CF236AF608009294E2 /* SceneDelegate.swift in Sources */,
			);
			runOnlyForDeploymentPostprocessing = 0;
		};
/* End PBXSourcesBuildPhase section */

/* Begin PBXVariantGroup section */
		2F8126D2236AF608009294E2 /* Main.storyboard */ = {
			isa = PBXVariantGroup;
			children = (
				2F8126D3236AF608009294E2 /* Base */,
			);
			name = Main.storyboard;
			sourceTree = "<group>";
		};
		2F8126D7236AF60A009294E2 /* LaunchScreen.storyboard */ = {
			isa = PBXVariantGroup;
			children = (
				2F8126D8236AF60A009294E2 /* Base */,
			);
			name = LaunchScreen.storyboard;
			sourceTree = "<group>";
		};
/* End PBXVariantGroup section */

/* Begin XCBuildConfiguration section */
		2F8126DB236AF60A009294E2 /* Debug */ = {
			isa = XCBuildConfiguration;
			buildSettings = {
				ALWAYS_SEARCH_USER_PATHS = NO;
				CLANG_ANALYZER_NONNULL = YES;
				CLANG_ANALYZER_NUMBER_OBJECT_CONVERSION = YES_AGGRESSIVE;
				CLANG_CXX_LANGUAGE_STANDARD = "gnu++14";
				CLANG_CXX_LIBRARY = "libc++";
				CLANG_ENABLE_MODULES = YES;
				CLANG_ENABLE_OBJC_ARC = YES;
				CLANG_ENABLE_OBJC_WEAK = YES;
				CLANG_WARN_BLOCK_CAPTURE_AUTORELEASING = YES;
				CLANG_WARN_BOOL_CONVERSION = YES;
				CLANG_WARN_COMMA = YES;
				CLANG_WARN_CONSTANT_CONVERSION = YES;
				CLANG_WARN_DEPRECATED_OBJC_IMPLEMENTATIONS = YES;
				CLANG_WARN_DIRECT_OBJC_ISA_USAGE = YES_ERROR;
				CLANG_WARN_DOCUMENTATION_COMMENTS = YES;
				CLANG_WARN_EMPTY_BODY = YES;
				CLANG_WARN_ENUM_CONVERSION = YES;
				CLANG_WARN_INFINITE_RECURSION = YES;
				CLANG_WARN_INT_CONVERSION = YES;
				CLANG_WARN_NON_LITERAL_NULL_CONVERSION = YES;
				CLANG_WARN_OBJC_IMPLICIT_RETAIN_SELF = YES;
				CLANG_WARN_OBJC_LITERAL_CONVERSION = YES;
				CLANG_WARN_OBJC_ROOT_CLASS = YES_ERROR;
				CLANG_WARN_RANGE_LOOP_ANALYSIS = YES;
				CLANG_WARN_STRICT_PROTOTYPES = YES;
				CLANG_WARN_SUSPICIOUS_MOVE = YES;
				CLANG_WARN_UNGUARDED_AVAILABILITY = YES_AGGRESSIVE;
				CLANG_WARN_UNREACHABLE_CODE = YES;
				CLANG_WARN__DUPLICATE_METHOD_MATCH = YES;
				COPY_PHASE_STRIP = NO;
				DEBUG_INFORMATION_FORMAT = dwarf;
				ENABLE_STRICT_OBJC_MSGSEND = YES;
				ENABLE_TESTABILITY = YES;
				GCC_C_LANGUAGE_STANDARD = gnu11;
				GCC_DYNAMIC_NO_PIC = NO;
				GCC_NO_COMMON_BLOCKS = YES;
				GCC_OPTIMIZATION_LEVEL = 0;
				GCC_PREPROCESSOR_DEFINITIONS = (
					"DEBUG=1",
					"$(inherited)",
				);
				GCC_WARN_64_TO_32_BIT_CONVERSION = YES;
				GCC_WARN_ABOUT_RETURN_TYPE = YES_ERROR;
				GCC_WARN_UNDECLARED_SELECTOR = YES;
				GCC_WARN_UNINITIALIZED_AUTOS = YES_AGGRESSIVE;
				GCC_WARN_UNUSED_FUNCTION = YES;
				GCC_WARN_UNUSED_VARIABLE = YES;
				IPHONEOS_DEPLOYMENT_TARGET = 13.0;
				MTL_ENABLE_DEBUG_INFO = INCLUDE_SOURCE;
				MTL_FAST_MATH = YES;
				ONLY_ACTIVE_ARCH = YES;
				SDKROOT = iphoneos;
				SWIFT_ACTIVE_COMPILATION_CONDITIONS = DEBUG;
				SWIFT_OPTIMIZATION_LEVEL = "-Onone";
			};
			name = Debug;
		};
		2F8126DC236AF60A009294E2 /* Release */ = {
			isa = XCBuildConfiguration;
			buildSettings = {
				ALWAYS_SEARCH_USER_PATHS = NO;
				CLANG_ANALYZER_NONNULL = YES;
				CLANG_ANALYZER_NUMBER_OBJECT_CONVERSION = YES_AGGRESSIVE;
				CLANG_CXX_LANGUAGE_STANDARD = "gnu++14";
				CLANG_CXX_LIBRARY = "libc++";
				CLANG_ENABLE_MODULES = YES;
				CLANG_ENABLE_OBJC_ARC = YES;
				CLANG_ENABLE_OBJC_WEAK = YES;
				CLANG_WARN_BLOCK_CAPTURE_AUTORELEASING = YES;
				CLANG_WARN_BOOL_CONVERSION = YES;
				CLANG_WARN_COMMA = YES;
				CLANG_WARN_CONSTANT_CONVERSION = YES;
				CLANG_WARN_DEPRECATED_OBJC_IMPLEMENTATIONS = YES;
				CLANG_WARN_DIRECT_OBJC_ISA_USAGE = YES_ERROR;
				CLANG_WARN_DOCUMENTATION_COMMENTS = YES;
				CLANG_WARN_EMPTY_BODY = YES;
				CLANG_WARN_ENUM_CONVERSION = YES;
				CLANG_WARN_INFINITE_RECURSION = YES;
				CLANG_WARN_INT_CONVERSION = YES;
				CLANG_WARN_NON_LITERAL_NULL_CONVERSION = YES;
				CLANG_WARN_OBJC_IMPLICIT_RETAIN_SELF = YES;
				CLANG_WARN_OBJC_LITERAL_CONVERSION = YES;
				CLANG_WARN_OBJC_ROOT_CLASS = YES_ERROR;
				CLANG_WARN_RANGE_LOOP_ANALYSIS = YES;
				CLANG_WARN_STRICT_PROTOTYPES = YES;
				CLANG_WARN_SUSPICIOUS_MOVE = YES;
				CLANG_WARN_UNGUARDED_AVAILABILITY = YES_AGGRESSIVE;
				CLANG_WARN_UNREACHABLE_CODE = YES;
				CLANG_WARN__DUPLICATE_METHOD_MATCH = YES;
				COPY_PHASE_STRIP = NO;
				DEBUG_INFORMATION_FORMAT = "dwarf-with-dsym";
				ENABLE_NS_ASSERTIONS = NO;
				ENABLE_STRICT_OBJC_MSGSEND = YES;
				GCC_C_LANGUAGE_STANDARD = gnu11;
				GCC_NO_COMMON_BLOCKS = YES;
				GCC_WARN_64_TO_32_BIT_CONVERSION = YES;
				GCC_WARN_ABOUT_RETURN_TYPE = YES_ERROR;
				GCC_WARN_UNDECLARED_SELECTOR = YES;
				GCC_WARN_UNINITIALIZED_AUTOS = YES_AGGRESSIVE;
				GCC_WARN_UNUSED_FUNCTION = YES;
				GCC_WARN_UNUSED_VARIABLE = YES;
				IPHONEOS_DEPLOYMENT_TARGET = 13.0;
				MTL_ENABLE_DEBUG_INFO = NO;
				MTL_FAST_MATH = YES;
				SDKROOT = iphoneos;
				SWIFT_COMPILATION_MODE = wholemodule;
				SWIFT_OPTIMIZATION_LEVEL = "-O";
				VALIDATE_PRODUCT = YES;
			};
			name = Release;
		};
		2F8126DE236AF60A009294E2 /* Debug */ = {
			isa = XCBuildConfiguration;
			baseConfigurationReference = FE3F24C18CB762C038DBD642 /* Pods-CaronaSocial.debug.xcconfig */;
			buildSettings = {
				ASSETCATALOG_COMPILER_APPICON_NAME = AppIcon;
				CODE_SIGN_STYLE = Automatic;
				DEVELOPMENT_TEAM = VZ4Y7Q4FJ2;
				INFOPLIST_FILE = CaronaSocial/Info.plist;
				LD_RUNPATH_SEARCH_PATHS = (
					"$(inherited)",
					"@executable_path/Frameworks",
				);
				PRODUCT_BUNDLE_IDENTIFIER = oliveiramatheus.CaronaSocial;
				PRODUCT_NAME = "Carona Social";
				SWIFT_VERSION = 5.0;
				TARGETED_DEVICE_FAMILY = 1;
			};
			name = Debug;
		};
		2F8126DF236AF60A009294E2 /* Release */ = {
			isa = XCBuildConfiguration;
			baseConfigurationReference = 6C2AF1EA7ECA0F6FFE3BB2EB /* Pods-CaronaSocial.release.xcconfig */;
			buildSettings = {
				ASSETCATALOG_COMPILER_APPICON_NAME = AppIcon;
				CODE_SIGN_STYLE = Automatic;
				DEVELOPMENT_TEAM = FKFGBBGDU2;
				INFOPLIST_FILE = CaronaSocial/Info.plist;
				LD_RUNPATH_SEARCH_PATHS = (
					"$(inherited)",
					"@executable_path/Frameworks",
				);
				PRODUCT_BUNDLE_IDENTIFIER = oliveiramatheus.CaronaSocial;
				PRODUCT_NAME = "Carona Social";
				SWIFT_VERSION = 5.0;
				TARGETED_DEVICE_FAMILY = 1;
			};
			name = Release;
		};
/* End XCBuildConfiguration section */

/* Begin XCConfigurationList section */
		2F8126C4236AF608009294E2 /* Build configuration list for PBXProject "CaronaSocial" */ = {
			isa = XCConfigurationList;
			buildConfigurations = (
				2F8126DB236AF60A009294E2 /* Debug */,
				2F8126DC236AF60A009294E2 /* Release */,
			);
			defaultConfigurationIsVisible = 0;
			defaultConfigurationName = Release;
		};
		2F8126DD236AF60A009294E2 /* Build configuration list for PBXNativeTarget "CaronaSocial" */ = {
			isa = XCConfigurationList;
			buildConfigurations = (
				2F8126DE236AF60A009294E2 /* Debug */,
				2F8126DF236AF60A009294E2 /* Release */,
			);
			defaultConfigurationIsVisible = 0;
			defaultConfigurationName = Release;
		};
/* End XCConfigurationList section */
	};
	rootObject = 2F8126C1236AF608009294E2 /* Project object */;
}
